
Microsoft Visual Studio Solution File, Format Version 12.00
# Visual Studio Version 17
VisualStudioVersion = 17.3.32811.315
MinimumVisualStudioVersion = 10.0.40219.1
Project("{FAE04EC0-301F-11D3-BF4B-00C04F79EFBC}") = "BangKhaiTan_Lab03", "BangKhaiTan_Lab03\BangKhaiTan_Lab03.csproj", "{3DD51FB5-7BFB-4959-8D62-BE4BF62C1470}"
EndProject
Global
	GlobalSection(SolutionConfigurationPlatforms) = preSolution
		Debug|Any CPU = Debug|Any CPU
		Release|Any CPU = Release|Any CPU
	EndGlobalSection
	GlobalSection(ProjectConfigurationPlatforms) = postSolution
		{3DD51FB5-7BFB-4959-8D62-BE4BF62C1470}.Debug|Any CPU.ActiveCfg = Debug|Any CPU
		{3DD51FB5-7BFB-4959-8D62-BE4BF62C1470}.Debug|Any CPU.Build.0 = Debug|Any CPU
		{3DD51FB5-7BFB-4959-8D62-BE4BF62C1470}.Release|Any CPU.ActiveCfg = Release|Any CPU
		{3DD51FB5-7BFB-4959-8D62-BE4BF62C1470}.Release|Any CPU.Build.0 = Release|Any CPU
	EndGlobalSection
	GlobalSection(SolutionProperties) = preSolution
		HideSolutionNode = FALSE
	EndGlobalSection
	GlobalSection(ExtensibilityGlobals) = postSolution
		SolutionGuid = {B1DE5435-2B3A-4F11-8497-3A4B0733647B}
	EndGlobalSection
EndGlobal
